
Microsoft Visual Studio Solution File, Format Version 12.00
# Visual Studio 15
VisualStudioVersion = 15.0.27130.2003
MinimumVisualStudioVersion = 15.0
Project("{9A19103F-16F7-4668-BE54-9A1E7A4F7556}") = "Model", "Model\Model.csproj", "{2FD229AB-6C6D-4264-9B0F-2147C1F8C1F1}"
EndProject
Project("{9A19103F-16F7-4668-BE54-9A1E7A4F7556}") = "Client", "Client\Client.csproj", "{499D0BF2-663C-47FA-8588-9CA2D2919F38}"
EndProject
Project("{9A19103F-16F7-4668-BE54-9A1E7A4F7556}") = "Server", "Server\Server.csproj", "{29A03D02-81C1-4BF9-8F31-42A418C67A7B}"
EndProject
Project("{9A19103F-16F7-4668-BE54-9A1E7A4F7556}") = "UnitTests", "UnitTests\UnitTests.csproj", "{14F6FC4E-CF3A-41C8-B475-67D7595B8706}"
EndProject
Project("{2150E333-8FDC-42A3-9474-1A3956D46DE8}") = "Shared", "Shared", "{3110831B-B785-4C14-AE9D-EB139EC652D9}"
ProjectSection(SolutionItems) = preProject
	Directory.Build.props = Directory.Build.props
EndProjectSection
EndProject
Global
	GlobalSection(SolutionConfigurationPlatforms) = preSolution
		Debug|Any CPU = Debug|Any CPU
		Release|Any CPU = Release|Any CPU
	EndGlobalSection
	GlobalSection(ProjectConfigurationPlatforms) = postSolution
		{2FD229AB-6C6D-4264-9B0F-2147C1F8C1F1}.Debug|Any CPU.ActiveCfg = Debug|Any CPU
		{2FD229AB-6C6D-4264-9B0F-2147C1F8C1F1}.Debug|Any CPU.Build.0 = Debug|Any CPU
		{2FD229AB-6C6D-4264-9B0F-2147C1F8C1F1}.Release|Any CPU.ActiveCfg = Release|Any CPU
		{2FD229AB-6C6D-4264-9B0F-2147C1F8C1F1}.Release|Any CPU.Build.0 = Release|Any CPU
		{499D0BF2-663C-47FA-8588-9CA2D2919F38}.Debug|Any CPU.ActiveCfg = Debug|Any CPU
		{499D0BF2-663C-47FA-8588-9CA2D2919F38}.Debug|Any CPU.Build.0 = Debug|Any CPU
		{499D0BF2-663C-47FA-8588-9CA2D2919F38}.Release|Any CPU.ActiveCfg = Release|Any CPU
		{499D0BF2-663C-47FA-8588-9CA2D2919F38}.Release|Any CPU.Build.0 = Release|Any CPU
		{29A03D02-81C1-4BF9-8F31-42A418C67A7B}.Debug|Any CPU.ActiveCfg = Debug|Any CPU
		{29A03D02-81C1-4BF9-8F31-42A418C67A7B}.Debug|Any CPU.Build.0 = Debug|Any CPU
		{29A03D02-81C1-4BF9-8F31-42A418C67A7B}.Release|Any CPU.ActiveCfg = Release|Any CPU
		{29A03D02-81C1-4BF9-8F31-42A418C67A7B}.Release|Any CPU.Build.0 = Release|Any CPU
		{14F6FC4E-CF3A-41C8-B475-67D7595B8706}.Debug|Any CPU.ActiveCfg = Debug|Any CPU
		{14F6FC4E-CF3A-41C8-B475-67D7595B8706}.Debug|Any CPU.Build.0 = Debug|Any CPU
		{14F6FC4E-CF3A-41C8-B475-67D7595B8706}.Release|Any CPU.ActiveCfg = Release|Any CPU
		{14F6FC4E-CF3A-41C8-B475-67D7595B8706}.Release|Any CPU.Build.0 = Release|Any CPU
	EndGlobalSection
	GlobalSection(SolutionProperties) = preSolution
		HideSolutionNode = FALSE
	EndGlobalSection
	GlobalSection(ExtensibilityGlobals) = postSolution
		SolutionGuid = {71BDBF65-71C9-4D4A-9605-24C7DA194487}
	EndGlobalSection
EndGlobal
